
Microsoft Visual Studio Solution File, Format Version 12.00
# Visual Studio Version 16
VisualStudioVersion = 16.0.30611.23
MinimumVisualStudioVersion = 10.0.40219.1
Project("{9A19103F-16F7-4668-BE54-9A1E7A4F7556}") = "Tippy.Core", "src\Tippy.Core\Tippy.Core.csproj", "{70B123CA-9A21-46C3-8D56-3286AB65D176}"
EndProject
Project("{9A19103F-16F7-4668-BE54-9A1E7A4F7556}") = "Tippy.Ctrl", "src\Tippy.Ctrl\Tippy.Ctrl.csproj", "{60120ACF-B4A9-4D49-8962-D448233CA6C1}"
EndProject
Project("{9A19103F-16F7-4668-BE54-9A1E7A4F7556}") = "Tippy", "src\Tippy\Tippy.csproj", "{F8EFA320-C229-44BA-8877-8578671B504D}"
	ProjectSection(ProjectDependencies) = postProject
		{60120ACF-B4A9-4D49-8962-D448233CA6C1} = {60120ACF-B4A9-4D49-8962-D448233CA6C1}
	EndProjectSection
EndProject
Project("{9A19103F-16F7-4668-BE54-9A1E7A4F7556}") = "Ckb.Rpc", "src\Ckb.Rpc\Ckb.Rpc.csproj", "{CBD74B04-FD67-4E27-A7C3-C0B72D774632}"
EndProject
Project("{2150E333-8FDC-42A3-9474-1A3956D46DE8}") = "Solution Items", "Solution Items", "{7B046805-68E0-4C3F-9D85-FD3088AE9DBC}"
	ProjectSection(SolutionItems) = preProject
		.editorconfig = .editorconfig
	EndProjectSection
EndProject
Project("{9A19103F-16F7-4668-BE54-9A1E7A4F7556}") = "Tippy.Util", "src\Tippy.Util\Tippy.Util.csproj", "{3D78596E-B801-46EB-9F81-F59FFD6D1EF0}"
EndProject
Project("{9A19103F-16F7-4668-BE54-9A1E7A4F7556}") = "Ckb.Cryptography", "src\Ckb.Cryptography\Ckb.Cryptography.csproj", "{23E9A14A-572D-4DCB-A266-6A986BDA8487}"
EndProject
Project("{FAE04EC0-301F-11D3-BF4B-00C04F79EFBC}") = "Ckb.Address", "src\Ckb.Address\Ckb.Address.csproj", "{534B01EE-10C0-449F-B751-AA3E8B688393}"
EndProject
Project("{FAE04EC0-301F-11D3-BF4B-00C04F79EFBC}") = "Ckb.Types", "src\Ckb.Types\Ckb.Types.csproj", "{965128F1-0F8C-47E3-A86D-8D47E83E5F5A}"
EndProject
Project("{2150E333-8FDC-42A3-9474-1A3956D46DE8}") = "Tests", "Tests", "{A1F1E8C7-788C-4C63-AC9C-5D44D618E437}"
EndProject
Project("{FAE04EC0-301F-11D3-BF4B-00C04F79EFBC}") = "Ckb.Address.Tests", "tests\Tippy.Core.Tests\Ckb.Address.Tests.csproj", "{54E73CEB-2402-4D00-8A6D-89C4F0A143F3}"
EndProject
Global
	GlobalSection(SolutionConfigurationPlatforms) = preSolution
		Debug|Any CPU = Debug|Any CPU
		Release|Any CPU = Release|Any CPU
	EndGlobalSection
	GlobalSection(ProjectConfigurationPlatforms) = postSolution
		{70B123CA-9A21-46C3-8D56-3286AB65D176}.Debug|Any CPU.ActiveCfg = Debug|Any CPU
		{70B123CA-9A21-46C3-8D56-3286AB65D176}.Debug|Any CPU.Build.0 = Debug|Any CPU
		{70B123CA-9A21-46C3-8D56-3286AB65D176}.Release|Any CPU.ActiveCfg = Release|Any CPU
		{70B123CA-9A21-46C3-8D56-3286AB65D176}.Release|Any CPU.Build.0 = Release|Any CPU
		{60120ACF-B4A9-4D49-8962-D448233CA6C1}.Debug|Any CPU.ActiveCfg = Debug|Any CPU
		{60120ACF-B4A9-4D49-8962-D448233CA6C1}.Debug|Any CPU.Build.0 = Debug|Any CPU
		{60120ACF-B4A9-4D49-8962-D448233CA6C1}.Release|Any CPU.ActiveCfg = Release|Any CPU
		{60120ACF-B4A9-4D49-8962-D448233CA6C1}.Release|Any CPU.Build.0 = Release|Any CPU
		{F8EFA320-C229-44BA-8877-8578671B504D}.Debug|Any CPU.ActiveCfg = Debug|Any CPU
		{F8EFA320-C229-44BA-8877-8578671B504D}.Debug|Any CPU.Build.0 = Debug|Any CPU
		{F8EFA320-C229-44BA-8877-8578671B504D}.Release|Any CPU.ActiveCfg = Release|Any CPU
		{F8EFA320-C229-44BA-8877-8578671B504D}.Release|Any CPU.Build.0 = Release|Any CPU
		{CBD74B04-FD67-4E27-A7C3-C0B72D774632}.Debug|Any CPU.ActiveCfg = Debug|Any CPU
		{CBD74B04-FD67-4E27-A7C3-C0B72D774632}.Debug|Any CPU.Build.0 = Debug|Any CPU
		{CBD74B04-FD67-4E27-A7C3-C0B72D774632}.Release|Any CPU.ActiveCfg = Release|Any CPU
		{CBD74B04-FD67-4E27-A7C3-C0B72D774632}.Release|Any CPU.Build.0 = Release|Any CPU
		{3D78596E-B801-46EB-9F81-F59FFD6D1EF0}.Debug|Any CPU.ActiveCfg = Debug|Any CPU
		{3D78596E-B801-46EB-9F81-F59FFD6D1EF0}.Debug|Any CPU.Build.0 = Debug|Any CPU
		{3D78596E-B801-46EB-9F81-F59FFD6D1EF0}.Release|Any CPU.ActiveCfg = Release|Any CPU
		{3D78596E-B801-46EB-9F81-F59FFD6D1EF0}.Release|Any CPU.Build.0 = Release|Any CPU
		{23E9A14A-572D-4DCB-A266-6A986BDA8487}.Debug|Any CPU.ActiveCfg = Debug|Any CPU
		{23E9A14A-572D-4DCB-A266-6A986BDA8487}.Debug|Any CPU.Build.0 = Debug|Any CPU
		{23E9A14A-572D-4DCB-A266-6A986BDA8487}.Release|Any CPU.ActiveCfg = Release|Any CPU
		{23E9A14A-572D-4DCB-A266-6A986BDA8487}.Release|Any CPU.Build.0 = Release|Any CPU
		{534B01EE-10C0-449F-B751-AA3E8B688393}.Debug|Any CPU.ActiveCfg = Debug|Any CPU
		{534B01EE-10C0-449F-B751-AA3E8B688393}.Debug|Any CPU.Build.0 = Debug|Any CPU
		{534B01EE-10C0-449F-B751-AA3E8B688393}.Release|Any CPU.ActiveCfg = Release|Any CPU
		{534B01EE-10C0-449F-B751-AA3E8B688393}.Release|Any CPU.Build.0 = Release|Any CPU
		{965128F1-0F8C-47E3-A86D-8D47E83E5F5A}.Debug|Any CPU.ActiveCfg = Debug|Any CPU
		{965128F1-0F8C-47E3-A86D-8D47E83E5F5A}.Debug|Any CPU.Build.0 = Debug|Any CPU
		{965128F1-0F8C-47E3-A86D-8D47E83E5F5A}.Release|Any CPU.ActiveCfg = Release|Any CPU
		{965128F1-0F8C-47E3-A86D-8D47E83E5F5A}.Release|Any CPU.Build.0 = Release|Any CPU
		{54E73CEB-2402-4D00-8A6D-89C4F0A143F3}.Debug|Any CPU.ActiveCfg = Debug|Any CPU
		{54E73CEB-2402-4D00-8A6D-89C4F0A143F3}.Debug|Any CPU.Build.0 = Debug|Any CPU
		{54E73CEB-2402-4D00-8A6D-89C4F0A143F3}.Release|Any CPU.ActiveCfg = Release|Any CPU
		{54E73CEB-2402-4D00-8A6D-89C4F0A143F3}.Release|Any CPU.Build.0 = Release|Any CPU
	EndGlobalSection
	GlobalSection(SolutionProperties) = preSolution
		HideSolutionNode = FALSE
	EndGlobalSection
	GlobalSection(NestedProjects) = preSolution
		{54E73CEB-2402-4D00-8A6D-89C4F0A143F3} = {A1F1E8C7-788C-4C63-AC9C-5D44D618E437}
	EndGlobalSection
	GlobalSection(ExtensibilityGlobals) = postSolution
		SolutionGuid = {08BF23BE-7259-4673-A227-6480B6DF808C}
	EndGlobalSection
EndGlobal
